// !$*UTF8*$!
{
	archiveVersion = 1;
	classes = {
	};
	objectVersion = 50;
	objects = {

/* Begin PBXBuildFile section */
		1FD5F6DA53EDBC663A7B97CA /* Pods_Go_Parks.framework in Frameworks */ = {isa = PBXBuildFile; fileRef = 7B9EE93B53CD1F9288EC71C0 /* Pods_Go_Parks.framework */; };
		741A48C72097E0DB00B4688F /* AppDelegate.swift in Sources */ = {isa = PBXBuildFile; fileRef = 741A48C62097E0DB00B4688F /* AppDelegate.swift */; };
		741A48C92097E0DB00B4688F /* WelcomeVC.swift in Sources */ = {isa = PBXBuildFile; fileRef = 741A48C82097E0DB00B4688F /* WelcomeVC.swift */; };
		741A48CC2097E0DB00B4688F /* Main.storyboard in Resources */ = {isa = PBXBuildFile; fileRef = 741A48CA2097E0DB00B4688F /* Main.storyboard */; };
		741A48D12097E0DC00B4688F /* LaunchScreen.storyboard in Resources */ = {isa = PBXBuildFile; fileRef = 741A48CF2097E0DC00B4688F /* LaunchScreen.storyboard */; };
		7426E28F20BF29DB005A1900 /* FavoriteParksVC.swift in Sources */ = {isa = PBXBuildFile; fileRef = 7426E28E20BF29DB005A1900 /* FavoriteParksVC.swift */; };
		7426E29120BF2B69005A1900 /* FavoriteParksCell.swift in Sources */ = {isa = PBXBuildFile; fileRef = 7426E29020BF2B69005A1900 /* FavoriteParksCell.swift */; };
		7436E7BC20ADE70A00FC4F5B /* Weather.swift in Sources */ = {isa = PBXBuildFile; fileRef = 7436E7BB20ADE70A00FC4F5B /* Weather.swift */; };
		744DBFEE20EA8D1B009991B6 /* Assets.xcassets in Resources */ = {isa = PBXBuildFile; fileRef = 744DBFED20EA8D1B009991B6 /* Assets.xcassets */; };
		745FB7E320BDF87700EC3B47 /* AllParksVC.swift in Sources */ = {isa = PBXBuildFile; fileRef = 745FB7E220BDF87700EC3B47 /* AllParksVC.swift */; };
		746EF43120AA7A600087169A /* ListOfStatesVC.swift in Sources */ = {isa = PBXBuildFile; fileRef = 746EF43020AA7A600087169A /* ListOfStatesVC.swift */; };
		746EF43320AA7B7B0087169A /* Service.swift in Sources */ = {isa = PBXBuildFile; fileRef = 746EF43220AA7B7B0087169A /* Service.swift */; };
		746EF43820AA7DA10087169A /* StateCell.swift in Sources */ = {isa = PBXBuildFile; fileRef = 746EF43620AA7DA10087169A /* StateCell.swift */; };
		7470F31720AE0B540005FFF1 /* WebViewVC.swift in Sources */ = {isa = PBXBuildFile; fileRef = 7470F31620AE0B540005FFF1 /* WebViewVC.swift */; };
		7494DCE220C4943A0032EC02 /* Ubuntu-Bold.ttf in Resources */ = {isa = PBXBuildFile; fileRef = 745FB7D420BCC3DC00EC3B47 /* Ubuntu-Bold.ttf */; };
		7494DCE320C4943A0032EC02 /* Ubuntu-BoldItalic.ttf in Resources */ = {isa = PBXBuildFile; fileRef = 745FB7D320BCC3DB00EC3B47 /* Ubuntu-BoldItalic.ttf */; };
		7494DCE420C4943A0032EC02 /* Ubuntu-Italic.ttf in Resources */ = {isa = PBXBuildFile; fileRef = 745FB7D520BCC3DD00EC3B47 /* Ubuntu-Italic.ttf */; };
		7494DCE520C4943A0032EC02 /* Ubuntu-Light.ttf in Resources */ = {isa = PBXBuildFile; fileRef = 745FB7D920BCC3E100EC3B47 /* Ubuntu-Light.ttf */; };
		7494DCE620C4943A0032EC02 /* Ubuntu-LightItalic.ttf in Resources */ = {isa = PBXBuildFile; fileRef = 745FB7D620BCC3DE00EC3B47 /* Ubuntu-LightItalic.ttf */; };
		7494DCE720C4943A0032EC02 /* Ubuntu-Medium.ttf in Resources */ = {isa = PBXBuildFile; fileRef = 745FB7D720BCC3DF00EC3B47 /* Ubuntu-Medium.ttf */; };
		7494DCE820C4943A0032EC02 /* Ubuntu-MediumItalic.ttf in Resources */ = {isa = PBXBuildFile; fileRef = 745FB7D820BCC3E000EC3B47 /* Ubuntu-MediumItalic.ttf */; };
		7494DCE920C4943A0032EC02 /* Ubuntu-Regular.ttf in Resources */ = {isa = PBXBuildFile; fileRef = 745FB7D220BCC3DA00EC3B47 /* Ubuntu-Regular.ttf */; };
		7494DCEA20C4943A0032EC02 /* OpenSans-Bold.ttf in Resources */ = {isa = PBXBuildFile; fileRef = 745FB7C720BC60D700EC3B47 /* OpenSans-Bold.ttf */; };
		7494DCEB20C4943A0032EC02 /* OpenSans-BoldItalic.ttf in Resources */ = {isa = PBXBuildFile; fileRef = 745FB7C220BC60D200EC3B47 /* OpenSans-BoldItalic.ttf */; };
		7494DCEC20C4943A0032EC02 /* OpenSans-ExtraBold.ttf in Resources */ = {isa = PBXBuildFile; fileRef = 745FB7C420BC60D400EC3B47 /* OpenSans-ExtraBold.ttf */; };
		7494DCED20C4943A0032EC02 /* OpenSans-ExtraBoldItalic.ttf in Resources */ = {isa = PBXBuildFile; fileRef = 745FB7C120BC60D100EC3B47 /* OpenSans-ExtraBoldItalic.ttf */; };
		7494DCEE20C4943A0032EC02 /* OpenSans-Italic.ttf in Resources */ = {isa = PBXBuildFile; fileRef = 745FB7C620BC60D600EC3B47 /* OpenSans-Italic.ttf */; };
		7494DCEF20C4943A0032EC02 /* OpenSans-Light.ttf in Resources */ = {isa = PBXBuildFile; fileRef = 745FB7C020BC60D000EC3B47 /* OpenSans-Light.ttf */; };
		7494DCF020C4943A0032EC02 /* OpenSans-LightItalic.ttf in Resources */ = {isa = PBXBuildFile; fileRef = 745FB7BE20BC60CE00EC3B47 /* OpenSans-LightItalic.ttf */; };
		7494DCF120C4943A0032EC02 /* OpenSans-Regular.ttf in Resources */ = {isa = PBXBuildFile; fileRef = 745FB7C520BC60D500EC3B47 /* OpenSans-Regular.ttf */; };
		7494DCF220C4943A0032EC02 /* OpenSans-SemiBold.ttf in Resources */ = {isa = PBXBuildFile; fileRef = 745FB7C320BC60D300EC3B47 /* OpenSans-SemiBold.ttf */; };
		7494DCF320C4943A0032EC02 /* OpenSans-SemiBoldItalic.ttf in Resources */ = {isa = PBXBuildFile; fileRef = 745FB7BF20BC60CF00EC3B47 /* OpenSans-SemiBoldItalic.ttf */; };
		749F8BFB20AB618B0023354F /* ParkByStateCollectionVC.swift in Sources */ = {isa = PBXBuildFile; fileRef = 749F8BFA20AB618B0023354F /* ParkByStateCollectionVC.swift */; };
		749F8BFD20AB625A0023354F /* ParkByStateCell.swift in Sources */ = {isa = PBXBuildFile; fileRef = 749F8BFC20AB625A0023354F /* ParkByStateCell.swift */; };
		749F8C0320ABD2080023354F /* AllParksCell.swift in Sources */ = {isa = PBXBuildFile; fileRef = 749F8C0220ABD2080023354F /* AllParksCell.swift */; };
		74A813DC20A8D7DA00CAD469 /* parks.json in Resources */ = {isa = PBXBuildFile; fileRef = 74A813DB20A8D7DA00CAD469 /* parks.json */; };
		74A813E220A8DAC000CAD469 /* Data.swift in Sources */ = {isa = PBXBuildFile; fileRef = 74A813E020A8DAC000CAD469 /* Data.swift */; };
		74A813E720A8FA7000CAD469 /* MapVC.swift in Sources */ = {isa = PBXBuildFile; fileRef = 74A813E620A8FA7000CAD469 /* MapVC.swift */; };
		74A813E920A90DF000CAD469 /* Extensions.swift in Sources */ = {isa = PBXBuildFile; fileRef = 74A813E820A90DF000CAD469 /* Extensions.swift */; };
/* End PBXBuildFile section */

/* Begin PBXFileReference section */
		6EF61FC8A78D20142D540FEE /* Pods-Go Parks.release.xcconfig */ = {isa = PBXFileReference; includeInIndex = 1; lastKnownFileType = text.xcconfig; name = "Pods-Go Parks.release.xcconfig"; path = "Pods/Target Support Files/Pods-Go Parks/Pods-Go Parks.release.xcconfig"; sourceTree = "<group>"; };
		741A48C32097E0DB00B4688F /* Go Parks.app */ = {isa = PBXFileReference; explicitFileType = wrapper.application; includeInIndex = 0; path = "Go Parks.app"; sourceTree = BUILT_PRODUCTS_DIR; };
		741A48C62097E0DB00B4688F /* AppDelegate.swift */ = {isa = PBXFileReference; lastKnownFileType = sourcecode.swift; path = AppDelegate.swift; sourceTree = "<group>"; };
		741A48C82097E0DB00B4688F /* WelcomeVC.swift */ = {isa = PBXFileReference; lastKnownFileType = sourcecode.swift; path = WelcomeVC.swift; sourceTree = "<group>"; };
		741A48CB2097E0DB00B4688F /* Base */ = {isa = PBXFileReference; lastKnownFileType = file.storyboard; name = Base; path = Base.lproj/Main.storyboard; sourceTree = "<group>"; };
		741A48D02097E0DC00B4688F /* Base */ = {isa = PBXFileReference; lastKnownFileType = file.storyboard; name = Base; path = Base.lproj/LaunchScreen.storyboard; sourceTree = "<group>"; };
		741A48D22097E0DC00B4688F /* Info.plist */ = {isa = PBXFileReference; lastKnownFileType = text.plist.xml; path = Info.plist; sourceTree = "<group>"; };
		7426E28E20BF29DB005A1900 /* FavoriteParksVC.swift */ = {isa = PBXFileReference; lastKnownFileType = sourcecode.swift; path = FavoriteParksVC.swift; sourceTree = "<group>"; };
		7426E29020BF2B69005A1900 /* FavoriteParksCell.swift */ = {isa = PBXFileReference; lastKnownFileType = sourcecode.swift; path = FavoriteParksCell.swift; sourceTree = "<group>"; };
		7436E7BB20ADE70A00FC4F5B /* Weather.swift */ = {isa = PBXFileReference; lastKnownFileType = sourcecode.swift; path = Weather.swift; sourceTree = "<group>"; };
		744DBFED20EA8D1B009991B6 /* Assets.xcassets */ = {isa = PBXFileReference; lastKnownFileType = folder.assetcatalog; path = Assets.xcassets; sourceTree = "<group>"; };
		745FB7BE20BC60CE00EC3B47 /* OpenSans-LightItalic.ttf */ = {isa = PBXFileReference; lastKnownFileType = file; path = "OpenSans-LightItalic.ttf"; sourceTree = "<group>"; };
		745FB7BF20BC60CF00EC3B47 /* OpenSans-SemiBoldItalic.ttf */ = {isa = PBXFileReference; lastKnownFileType = file; path = "OpenSans-SemiBoldItalic.ttf"; sourceTree = "<group>"; };
		745FB7C020BC60D000EC3B47 /* OpenSans-Light.ttf */ = {isa = PBXFileReference; lastKnownFileType = file; path = "OpenSans-Light.ttf"; sourceTree = "<group>"; };
		745FB7C120BC60D100EC3B47 /* OpenSans-ExtraBoldItalic.ttf */ = {isa = PBXFileReference; lastKnownFileType = file; path = "OpenSans-ExtraBoldItalic.ttf"; sourceTree = "<group>"; };
		745FB7C220BC60D200EC3B47 /* OpenSans-BoldItalic.ttf */ = {isa = PBXFileReference; lastKnownFileType = file; path = "OpenSans-BoldItalic.ttf"; sourceTree = "<group>"; };
		745FB7C320BC60D300EC3B47 /* OpenSans-SemiBold.ttf */ = {isa = PBXFileReference; lastKnownFileType = file; path = "OpenSans-SemiBold.ttf"; sourceTree = "<group>"; };
		745FB7C420BC60D400EC3B47 /* OpenSans-ExtraBold.ttf */ = {isa = PBXFileReference; lastKnownFileType = file; path = "OpenSans-ExtraBold.ttf"; sourceTree = "<group>"; };
		745FB7C520BC60D500EC3B47 /* OpenSans-Regular.ttf */ = {isa = PBXFileReference; lastKnownFileType = file; path = "OpenSans-Regular.ttf"; sourceTree = "<group>"; };
		745FB7C620BC60D600EC3B47 /* OpenSans-Italic.ttf */ = {isa = PBXFileReference; lastKnownFileType = file; path = "OpenSans-Italic.ttf"; sourceTree = "<group>"; };
		745FB7C720BC60D700EC3B47 /* OpenSans-Bold.ttf */ = {isa = PBXFileReference; lastKnownFileType = file; path = "OpenSans-Bold.ttf"; sourceTree = "<group>"; };
		745FB7D220BCC3DA00EC3B47 /* Ubuntu-Regular.ttf */ = {isa = PBXFileReference; lastKnownFileType = file; path = "Ubuntu-Regular.ttf"; sourceTree = "<group>"; };
		745FB7D320BCC3DB00EC3B47 /* Ubuntu-BoldItalic.ttf */ = {isa = PBXFileReference; lastKnownFileType = file; path = "Ubuntu-BoldItalic.ttf"; sourceTree = "<group>"; };
		745FB7D420BCC3DC00EC3B47 /* Ubuntu-Bold.ttf */ = {isa = PBXFileReference; lastKnownFileType = file; path = "Ubuntu-Bold.ttf"; sourceTree = "<group>"; };
		745FB7D520BCC3DD00EC3B47 /* Ubuntu-Italic.ttf */ = {isa = PBXFileReference; lastKnownFileType = file; path = "Ubuntu-Italic.ttf"; sourceTree = "<group>"; };
		745FB7D620BCC3DE00EC3B47 /* Ubuntu-LightItalic.ttf */ = {isa = PBXFileReference; lastKnownFileType = file; path = "Ubuntu-LightItalic.ttf"; sourceTree = "<group>"; };
		745FB7D720BCC3DF00EC3B47 /* Ubuntu-Medium.ttf */ = {isa = PBXFileReference; lastKnownFileType = file; path = "Ubuntu-Medium.ttf"; sourceTree = "<group>"; };
		745FB7D820BCC3E000EC3B47 /* Ubuntu-MediumItalic.ttf */ = {isa = PBXFileReference; lastKnownFileType = file; path = "Ubuntu-MediumItalic.ttf"; sourceTree = "<group>"; };
		745FB7D920BCC3E100EC3B47 /* Ubuntu-Light.ttf */ = {isa = PBXFileReference; lastKnownFileType = file; path = "Ubuntu-Light.ttf"; sourceTree = "<group>"; };
		745FB7E220BDF87700EC3B47 /* AllParksVC.swift */ = {isa = PBXFileReference; fileEncoding = 4; lastKnownFileType = sourcecode.swift; path = AllParksVC.swift; sourceTree = "<group>"; };
		746EF43020AA7A600087169A /* ListOfStatesVC.swift */ = {isa = PBXFileReference; lastKnownFileType = sourcecode.swift; path = ListOfStatesVC.swift; sourceTree = "<group>"; };
		746EF43220AA7B7B0087169A /* Service.swift */ = {isa = PBXFileReference; lastKnownFileType = sourcecode.swift; path = Service.swift; sourceTree = "<group>"; };
		746EF43620AA7DA10087169A /* StateCell.swift */ = {isa = PBXFileReference; lastKnownFileType = sourcecode.swift; path = StateCell.swift; sourceTree = "<group>"; };
		7470F31620AE0B540005FFF1 /* WebViewVC.swift */ = {isa = PBXFileReference; lastKnownFileType = sourcecode.swift; path = WebViewVC.swift; sourceTree = "<group>"; };
		749F8BFA20AB618B0023354F /* ParkByStateCollectionVC.swift */ = {isa = PBXFileReference; lastKnownFileType = sourcecode.swift; path = ParkByStateCollectionVC.swift; sourceTree = "<group>"; };
		749F8BFC20AB625A0023354F /* ParkByStateCell.swift */ = {isa = PBXFileReference; lastKnownFileType = sourcecode.swift; path = ParkByStateCell.swift; sourceTree = "<group>"; };
		749F8C0220ABD2080023354F /* AllParksCell.swift */ = {isa = PBXFileReference; lastKnownFileType = sourcecode.swift; path = AllParksCell.swift; sourceTree = "<group>"; };
		74A813DB20A8D7DA00CAD469 /* parks.json */ = {isa = PBXFileReference; fileEncoding = 4; lastKnownFileType = text.json; path = parks.json; sourceTree = "<group>"; };
		74A813E020A8DAC000CAD469 /* Data.swift */ = {isa = PBXFileReference; fileEncoding = 4; lastKnownFileType = sourcecode.swift; path = Data.swift; sourceTree = "<group>"; };
		74A813E620A8FA7000CAD469 /* MapVC.swift */ = {isa = PBXFileReference; lastKnownFileType = sourcecode.swift; path = MapVC.swift; sourceTree = "<group>"; };
		74A813E820A90DF000CAD469 /* Extensions.swift */ = {isa = PBXFileReference; lastKnownFileType = sourcecode.swift; path = Extensions.swift; sourceTree = "<group>"; };
		7B9EE93B53CD1F9288EC71C0 /* Pods_Go_Parks.framework */ = {isa = PBXFileReference; explicitFileType = wrapper.framework; includeInIndex = 0; path = Pods_Go_Parks.framework; sourceTree = BUILT_PRODUCTS_DIR; };
		C539A13E005A44208A15B864 /* Pods-Go Parks.debug.xcconfig */ = {isa = PBXFileReference; includeInIndex = 1; lastKnownFileType = text.xcconfig; name = "Pods-Go Parks.debug.xcconfig"; path = "Pods/Target Support Files/Pods-Go Parks/Pods-Go Parks.debug.xcconfig"; sourceTree = "<group>"; };
/* End PBXFileReference section */

/* Begin PBXFrameworksBuildPhase section */
		741A48C02097E0DB00B4688F /* Frameworks */ = {
			isa = PBXFrameworksBuildPhase;
			buildActionMask = 2147483647;
			files = (
				1FD5F6DA53EDBC663A7B97CA /* Pods_Go_Parks.framework in Frameworks */,
			);
			runOnlyForDeploymentPostprocessing = 0;
		};
/* End PBXFrameworksBuildPhase section */

/* Begin PBXGroup section */
		08987BCA2E2A88F8408072CF /* Pods */ = {
			isa = PBXGroup;
			children = (
				C539A13E005A44208A15B864 /* Pods-Go Parks.debug.xcconfig */,
				6EF61FC8A78D20142D540FEE /* Pods-Go Parks.release.xcconfig */,
			);
			name = Pods;
			sourceTree = "<group>";
		};
		1A3AF9A8C90B63519962FEA8 /* Frameworks */ = {
			isa = PBXGroup;
			children = (
				7B9EE93B53CD1F9288EC71C0 /* Pods_Go_Parks.framework */,
			);
			name = Frameworks;
			sourceTree = "<group>";
		};
		741A48BA2097E0DB00B4688F = {
			isa = PBXGroup;
			children = (
				741A48C52097E0DB00B4688F /* Go Parks */,
				741A48C42097E0DB00B4688F /* Products */,
				08987BCA2E2A88F8408072CF /* Pods */,
				1A3AF9A8C90B63519962FEA8 /* Frameworks */,
			);
			sourceTree = "<group>";
		};
		741A48C42097E0DB00B4688F /* Products */ = {
			isa = PBXGroup;
			children = (
				741A48C32097E0DB00B4688F /* Go Parks.app */,
			);
			name = Products;
			sourceTree = "<group>";
		};
		741A48C52097E0DB00B4688F /* Go Parks */ = {
			isa = PBXGroup;
			children = (
				74A813DA20A8D7CA00CAD469 /* Supporting Files */,
				74A813DD20A8DAA600CAD469 /* Model */,
				74A813DE20A8DAAD00CAD469 /* View */,
				74A813E520A8FA5600CAD469 /* Controller */,
				741A48D22097E0DC00B4688F /* Info.plist */,
				744DBFED20EA8D1B009991B6 /* Assets.xcassets */,
			);
			path = "Go Parks";
			sourceTree = "<group>";
		};
		745FB7BD20BC60BA00EC3B47 /* Fonts */ = {
			isa = PBXGroup;
			children = (
				745FB7D420BCC3DC00EC3B47 /* Ubuntu-Bold.ttf */,
				745FB7D320BCC3DB00EC3B47 /* Ubuntu-BoldItalic.ttf */,
				745FB7D520BCC3DD00EC3B47 /* Ubuntu-Italic.ttf */,
				745FB7D920BCC3E100EC3B47 /* Ubuntu-Light.ttf */,
				745FB7D620BCC3DE00EC3B47 /* Ubuntu-LightItalic.ttf */,
				745FB7D720BCC3DF00EC3B47 /* Ubuntu-Medium.ttf */,
				745FB7D820BCC3E000EC3B47 /* Ubuntu-MediumItalic.ttf */,
				745FB7D220BCC3DA00EC3B47 /* Ubuntu-Regular.ttf */,
				745FB7C720BC60D700EC3B47 /* OpenSans-Bold.ttf */,
				745FB7C220BC60D200EC3B47 /* OpenSans-BoldItalic.ttf */,
				745FB7C420BC60D400EC3B47 /* OpenSans-ExtraBold.ttf */,
				745FB7C120BC60D100EC3B47 /* OpenSans-ExtraBoldItalic.ttf */,
				745FB7C620BC60D600EC3B47 /* OpenSans-Italic.ttf */,
				745FB7C020BC60D000EC3B47 /* OpenSans-Light.ttf */,
				745FB7BE20BC60CE00EC3B47 /* OpenSans-LightItalic.ttf */,
				745FB7C520BC60D500EC3B47 /* OpenSans-Regular.ttf */,
				745FB7C320BC60D300EC3B47 /* OpenSans-SemiBold.ttf */,
				745FB7BF20BC60CF00EC3B47 /* OpenSans-SemiBoldItalic.ttf */,
			);
			path = Fonts;
			sourceTree = "<group>";
		};
		746EF43520AA7D7C0087169A /* Cells */ = {
			isa = PBXGroup;
			children = (
				746EF43620AA7DA10087169A /* StateCell.swift */,
				749F8BFC20AB625A0023354F /* ParkByStateCell.swift */,
				749F8C0220ABD2080023354F /* AllParksCell.swift */,
				7426E29020BF2B69005A1900 /* FavoriteParksCell.swift */,
			);
			path = Cells;
			sourceTree = "<group>";
		};
		74A813DA20A8D7CA00CAD469 /* Supporting Files */ = {
			isa = PBXGroup;
			children = (
				745FB7BD20BC60BA00EC3B47 /* Fonts */,
				741A48C62097E0DB00B4688F /* AppDelegate.swift */,
				74A813E820A90DF000CAD469 /* Extensions.swift */,
				746EF43220AA7B7B0087169A /* Service.swift */,
				74A813DB20A8D7DA00CAD469 /* parks.json */,
			);
			path = "Supporting Files";
			sourceTree = "<group>";
		};
		74A813DD20A8DAA600CAD469 /* Model */ = {
			isa = PBXGroup;
			children = (
				74A813E020A8DAC000CAD469 /* Data.swift */,
				7436E7BB20ADE70A00FC4F5B /* Weather.swift */,
			);
			path = Model;
			sourceTree = "<group>";
		};
		74A813DE20A8DAAD00CAD469 /* View */ = {
			isa = PBXGroup;
			children = (
				746EF43520AA7D7C0087169A /* Cells */,
				741A48CA2097E0DB00B4688F /* Main.storyboard */,
				741A48CF2097E0DC00B4688F /* LaunchScreen.storyboard */,
			);
			path = View;
			sourceTree = "<group>";
		};
		74A813E520A8FA5600CAD469 /* Controller */ = {
			isa = PBXGroup;
			children = (
				741A48C82097E0DB00B4688F /* WelcomeVC.swift */,
				745FB7E220BDF87700EC3B47 /* AllParksVC.swift */,
				746EF43020AA7A600087169A /* ListOfStatesVC.swift */,
				7426E28E20BF29DB005A1900 /* FavoriteParksVC.swift */,
				749F8BFA20AB618B0023354F /* ParkByStateCollectionVC.swift */,
				74A813E620A8FA7000CAD469 /* MapVC.swift */,
				7470F31620AE0B540005FFF1 /* WebViewVC.swift */,
			);
			path = Controller;
			sourceTree = "<group>";
		};
/* End PBXGroup section */

/* Begin PBXNativeTarget section */
		741A48C22097E0DB00B4688F /* Go Parks */ = {
			isa = PBXNativeTarget;
			buildConfigurationList = 741A48D52097E0DC00B4688F /* Build configuration list for PBXNativeTarget "Go Parks" */;
			buildPhases = (
				AE6F08AE3E968E6DFC29F937 /* [CP] Check Pods Manifest.lock */,
				741A48BF2097E0DB00B4688F /* Sources */,
				741A48C02097E0DB00B4688F /* Frameworks */,
				741A48C12097E0DB00B4688F /* Resources */,
				0876E48392F52B33D4A576DD /* [CP] Embed Pods Frameworks */,
			);
			buildRules = (
			);
			dependencies = (
			);
			name = "Go Parks";
			productName = "Go Parks";
			productReference = 741A48C32097E0DB00B4688F /* Go Parks.app */;
			productType = "com.apple.product-type.application";
		};
/* End PBXNativeTarget section */

/* Begin PBXProject section */
		741A48BB2097E0DB00B4688F /* Project object */ = {
			isa = PBXProject;
			attributes = {
				LastSwiftUpdateCheck = 0930;
				LastUpgradeCheck = 0930;
				ORGANIZATIONNAME = "Timofei Sopin";
				TargetAttributes = {
					741A48C22097E0DB00B4688F = {
						CreatedOnToolsVersion = 9.3;
					};
				};
			};
			buildConfigurationList = 741A48BE2097E0DB00B4688F /* Build configuration list for PBXProject "Go Parks" */;
			compatibilityVersion = "Xcode 9.3";
			developmentRegion = en;
			hasScannedForEncodings = 0;
			knownRegions = (
				en,
				Base,
			);
			mainGroup = 741A48BA2097E0DB00B4688F;
			productRefGroup = 741A48C42097E0DB00B4688F /* Products */;
			projectDirPath = "";
			projectRoot = "";
			targets = (
				741A48C22097E0DB00B4688F /* Go Parks */,
			);
		};
/* End PBXProject section */

/* Begin PBXResourcesBuildPhase section */
		741A48C12097E0DB00B4688F /* Resources */ = {
			isa = PBXResourcesBuildPhase;
			buildActionMask = 2147483647;
			files = (
				7494DCE920C4943A0032EC02 /* Ubuntu-Regular.ttf in Resources */,
				7494DCE220C4943A0032EC02 /* Ubuntu-Bold.ttf in Resources */,
				744DBFEE20EA8D1B009991B6 /* Assets.xcassets in Resources */,
				741A48D12097E0DC00B4688F /* LaunchScreen.storyboard in Resources */,
				7494DCE320C4943A0032EC02 /* Ubuntu-BoldItalic.ttf in Resources */,
				7494DCE420C4943A0032EC02 /* Ubuntu-Italic.ttf in Resources */,
				7494DCE620C4943A0032EC02 /* Ubuntu-LightItalic.ttf in Resources */,
				7494DCEF20C4943A0032EC02 /* OpenSans-Light.ttf in Resources */,
				7494DCE520C4943A0032EC02 /* Ubuntu-Light.ttf in Resources */,
				7494DCF320C4943A0032EC02 /* OpenSans-SemiBoldItalic.ttf in Resources */,
				7494DCED20C4943A0032EC02 /* OpenSans-ExtraBoldItalic.ttf in Resources */,
				7494DCE720C4943A0032EC02 /* Ubuntu-Medium.ttf in Resources */,
				7494DCF120C4943A0032EC02 /* OpenSans-Regular.ttf in Resources */,
				741A48CC2097E0DB00B4688F /* Main.storyboard in Resources */,
				74A813DC20A8D7DA00CAD469 /* parks.json in Resources */,
				7494DCEB20C4943A0032EC02 /* OpenSans-BoldItalic.ttf in Resources */,
				7494DCEA20C4943A0032EC02 /* OpenSans-Bold.ttf in Resources */,
				7494DCEE20C4943A0032EC02 /* OpenSans-Italic.ttf in Resources */,
				7494DCF220C4943A0032EC02 /* OpenSans-SemiBold.ttf in Resources */,
				7494DCF020C4943A0032EC02 /* OpenSans-LightItalic.ttf in Resources */,
				7494DCE820C4943A0032EC02 /* Ubuntu-MediumItalic.ttf in Resources */,
				7494DCEC20C4943A0032EC02 /* OpenSans-ExtraBold.ttf in Resources */,
			);
			runOnlyForDeploymentPostprocessing = 0;
		};
/* End PBXResourcesBuildPhase section */

/* Begin PBXShellScriptBuildPhase section */
		0876E48392F52B33D4A576DD /* [CP] Embed Pods Frameworks */ = {
			isa = PBXShellScriptBuildPhase;
			buildActionMask = 2147483647;
			files = (
			);
			inputPaths = (
				"${SRCROOT}/Pods/Target Support Files/Pods-Go Parks/Pods-Go Parks-frameworks.sh",
				"${BUILT_PRODUCTS_DIR}/Alamofire/Alamofire.framework",
				"${BUILT_PRODUCTS_DIR}/SwiftyJSON/SwiftyJSON.framework",
			);
			name = "[CP] Embed Pods Frameworks";
			outputPaths = (
				"${TARGET_BUILD_DIR}/${FRAMEWORKS_FOLDER_PATH}/Alamofire.framework",
				"${TARGET_BUILD_DIR}/${FRAMEWORKS_FOLDER_PATH}/SwiftyJSON.framework",
			);
			runOnlyForDeploymentPostprocessing = 0;
			shellPath = /bin/sh;
			shellScript = "\"${SRCROOT}/Pods/Target Support Files/Pods-Go Parks/Pods-Go Parks-frameworks.sh\"\n";
			showEnvVarsInLog = 0;
		};
		AE6F08AE3E968E6DFC29F937 /* [CP] Check Pods Manifest.lock */ = {
			isa = PBXShellScriptBuildPhase;
			buildActionMask = 2147483647;
			files = (
			);
			inputPaths = (
				"${PODS_PODFILE_DIR_PATH}/Podfile.lock",
				"${PODS_ROOT}/Manifest.lock",
			);
			name = "[CP] Check Pods Manifest.lock";
			outputPaths = (
				"$(DERIVED_FILE_DIR)/Pods-Go Parks-checkManifestLockResult.txt",
			);
			runOnlyForDeploymentPostprocessing = 0;
			shellPath = /bin/sh;
			shellScript = "diff \"${PODS_PODFILE_DIR_PATH}/Podfile.lock\" \"${PODS_ROOT}/Manifest.lock\" > /dev/null\nif [ $? != 0 ] ; then\n    # print error to STDERR\n    echo \"error: The sandbox is not in sync with the Podfile.lock. Run 'pod install' or update your CocoaPods installation.\" >&2\n    exit 1\nfi\n# This output is used by Xcode 'outputs' to avoid re-running this script phase.\necho \"SUCCESS\" > \"${SCRIPT_OUTPUT_FILE_0}\"\n";
			showEnvVarsInLog = 0;
		};
/* End PBXShellScriptBuildPhase section */

/* Begin PBXSourcesBuildPhase section */
		741A48BF2097E0DB00B4688F /* Sources */ = {
			isa = PBXSourcesBuildPhase;
			buildActionMask = 2147483647;
			files = (
				749F8BFB20AB618B0023354F /* ParkByStateCollectionVC.swift in Sources */,
				74A813E920A90DF000CAD469 /* Extensions.swift in Sources */,
				746EF43320AA7B7B0087169A /* Service.swift in Sources */,
				7426E29120BF2B69005A1900 /* FavoriteParksCell.swift in Sources */,
				741A48C92097E0DB00B4688F /* WelcomeVC.swift in Sources */,
				746EF43820AA7DA10087169A /* StateCell.swift in Sources */,
				74A813E720A8FA7000CAD469 /* MapVC.swift in Sources */,
				741A48C72097E0DB00B4688F /* AppDelegate.swift in Sources */,
				749F8C0320ABD2080023354F /* AllParksCell.swift in Sources */,
				745FB7E320BDF87700EC3B47 /* AllParksVC.swift in Sources */,
				7436E7BC20ADE70A00FC4F5B /* Weather.swift in Sources */,
				7426E28F20BF29DB005A1900 /* FavoriteParksVC.swift in Sources */,
				74A813E220A8DAC000CAD469 /* Data.swift in Sources */,
				7470F31720AE0B540005FFF1 /* WebViewVC.swift in Sources */,
				746EF43120AA7A600087169A /* ListOfStatesVC.swift in Sources */,
				749F8BFD20AB625A0023354F /* ParkByStateCell.swift in Sources */,
			);
			runOnlyForDeploymentPostprocessing = 0;
		};
/* End PBXSourcesBuildPhase section */

/* Begin PBXVariantGroup section */
		741A48CA2097E0DB00B4688F /* Main.storyboard */ = {
			isa = PBXVariantGroup;
			children = (
				741A48CB2097E0DB00B4688F /* Base */,
			);
			name = Main.storyboard;
			sourceTree = "<group>";
		};
		741A48CF2097E0DC00B4688F /* LaunchScreen.storyboard */ = {
			isa = PBXVariantGroup;
			children = (
				741A48D02097E0DC00B4688F /* Base */,
			);
			name = LaunchScreen.storyboard;
			sourceTree = "<group>";
		};
/* End PBXVariantGroup section */

/* Begin XCBuildConfiguration section */
		741A48D32097E0DC00B4688F /* Debug */ = {
			isa = XCBuildConfiguration;
			buildSettings = {
				ALWAYS_SEARCH_USER_PATHS = NO;
				CLANG_ANALYZER_NONNULL = YES;
				CLANG_ANALYZER_NUMBER_OBJECT_CONVERSION = YES_AGGRESSIVE;
				CLANG_CXX_LANGUAGE_STANDARD = "gnu++14";
				CLANG_CXX_LIBRARY = "libc++";
				CLANG_ENABLE_MODULES = YES;
				CLANG_ENABLE_OBJC_ARC = YES;
				CLANG_ENABLE_OBJC_WEAK = YES;
				CLANG_WARN_BLOCK_CAPTURE_AUTORELEASING = YES;
				CLANG_WARN_BOOL_CONVERSION = YES;
				CLANG_WARN_COMMA = YES;
				CLANG_WARN_CONSTANT_CONVERSION = YES;
				CLANG_WARN_DEPRECATED_OBJC_IMPLEMENTATIONS = YES;
				CLANG_WARN_DIRECT_OBJC_ISA_USAGE = YES_ERROR;
				CLANG_WARN_DOCUMENTATION_COMMENTS = YES;
				CLANG_WARN_EMPTY_BODY = YES;
				CLANG_WARN_ENUM_CONVERSION = YES;
				CLANG_WARN_INFINITE_RECURSION = YES;
				CLANG_WARN_INT_CONVERSION = YES;
				CLANG_WARN_NON_LITERAL_NULL_CONVERSION = YES;
				CLANG_WARN_OBJC_IMPLICIT_RETAIN_SELF = YES;
				CLANG_WARN_OBJC_LITERAL_CONVERSION = YES;
				CLANG_WARN_OBJC_ROOT_CLASS = YES_ERROR;
				CLANG_WARN_RANGE_LOOP_ANALYSIS = YES;
				CLANG_WARN_STRICT_PROTOTYPES = YES;
				CLANG_WARN_SUSPICIOUS_MOVE = YES;
				CLANG_WARN_UNGUARDED_AVAILABILITY = YES_AGGRESSIVE;
				CLANG_WARN_UNREACHABLE_CODE = YES;
				CLANG_WARN__DUPLICATE_METHOD_MATCH = YES;
				CODE_SIGN_IDENTITY = "iPhone Developer";
				COPY_PHASE_STRIP = NO;
				DEBUG_INFORMATION_FORMAT = dwarf;
				ENABLE_STRICT_OBJC_MSGSEND = YES;
				ENABLE_TESTABILITY = YES;
				GCC_C_LANGUAGE_STANDARD = gnu11;
				GCC_DYNAMIC_NO_PIC = NO;
				GCC_NO_COMMON_BLOCKS = YES;
				GCC_OPTIMIZATION_LEVEL = 0;
				GCC_PREPROCESSOR_DEFINITIONS = (
					"DEBUG=1",
					"$(inherited)",
				);
				GCC_WARN_64_TO_32_BIT_CONVERSION = YES;
				GCC_WARN_ABOUT_RETURN_TYPE = YES_ERROR;
				GCC_WARN_UNDECLARED_SELECTOR = YES;
				GCC_WARN_UNINITIALIZED_AUTOS = YES_AGGRESSIVE;
				GCC_WARN_UNUSED_FUNCTION = YES;
				GCC_WARN_UNUSED_VARIABLE = YES;
				IPHONEOS_DEPLOYMENT_TARGET = 11.3;
				MTL_ENABLE_DEBUG_INFO = YES;
				ONLY_ACTIVE_ARCH = YES;
				SDKROOT = iphoneos;
				SWIFT_ACTIVE_COMPILATION_CONDITIONS = DEBUG;
				SWIFT_OPTIMIZATION_LEVEL = "-Onone";
			};
			name = Debug;
		};
		741A48D42097E0DC00B4688F /* Release */ = {
			isa = XCBuildConfiguration;
			buildSettings = {
				ALWAYS_SEARCH_USER_PATHS = NO;
				CLANG_ANALYZER_NONNULL = YES;
				CLANG_ANALYZER_NUMBER_OBJECT_CONVERSION = YES_AGGRESSIVE;
				CLANG_CXX_LANGUAGE_STANDARD = "gnu++14";
				CLANG_CXX_LIBRARY = "libc++";
				CLANG_ENABLE_MODULES = YES;
				CLANG_ENABLE_OBJC_ARC = YES;
				CLANG_ENABLE_OBJC_WEAK = YES;
				CLANG_WARN_BLOCK_CAPTURE_AUTORELEASING = YES;
				CLANG_WARN_BOOL_CONVERSION = YES;
				CLANG_WARN_COMMA = YES;
				CLANG_WARN_CONSTANT_CONVERSION = YES;
				CLANG_WARN_DEPRECATED_OBJC_IMPLEMENTATIONS = YES;
				CLANG_WARN_DIRECT_OBJC_ISA_USAGE = YES_ERROR;
				CLANG_WARN_DOCUMENTATION_COMMENTS = YES;
				CLANG_WARN_EMPTY_BODY = YES;
				CLANG_WARN_ENUM_CONVERSION = YES;
				CLANG_WARN_INFINITE_RECURSION = YES;
				CLANG_WARN_INT_CONVERSION = YES;
				CLANG_WARN_NON_LITERAL_NULL_CONVERSION = YES;
				CLANG_WARN_OBJC_IMPLICIT_RETAIN_SELF = YES;
				CLANG_WARN_OBJC_LITERAL_CONVERSION = YES;
				CLANG_WARN_OBJC_ROOT_CLASS = YES_ERROR;
				CLANG_WARN_RANGE_LOOP_ANALYSIS = YES;
				CLANG_WARN_STRICT_PROTOTYPES = YES;
				CLANG_WARN_SUSPICIOUS_MOVE = YES;
				CLANG_WARN_UNGUARDED_AVAILABILITY = YES_AGGRESSIVE;
				CLANG_WARN_UNREACHABLE_CODE = YES;
				CLANG_WARN__DUPLICATE_METHOD_MATCH = YES;
				CODE_SIGN_IDENTITY = "iPhone Developer";
				COPY_PHASE_STRIP = NO;
				DEBUG_INFORMATION_FORMAT = "dwarf-with-dsym";
				ENABLE_NS_ASSERTIONS = NO;
				ENABLE_STRICT_OBJC_MSGSEND = YES;
				GCC_C_LANGUAGE_STANDARD = gnu11;
				GCC_NO_COMMON_BLOCKS = YES;
				GCC_WARN_64_TO_32_BIT_CONVERSION = YES;
				GCC_WARN_ABOUT_RETURN_TYPE = YES_ERROR;
				GCC_WARN_UNDECLARED_SELECTOR = YES;
				GCC_WARN_UNINITIALIZED_AUTOS = YES_AGGRESSIVE;
				GCC_WARN_UNUSED_FUNCTION = YES;
				GCC_WARN_UNUSED_VARIABLE = YES;
				IPHONEOS_DEPLOYMENT_TARGET = 11.3;
				MTL_ENABLE_DEBUG_INFO = NO;
				SDKROOT = iphoneos;
				SWIFT_COMPILATION_MODE = wholemodule;
				SWIFT_OPTIMIZATION_LEVEL = "-O";
				VALIDATE_PRODUCT = YES;
			};
			name = Release;
		};
		741A48D62097E0DC00B4688F /* Debug */ = {
			isa = XCBuildConfiguration;
			baseConfigurationReference = C539A13E005A44208A15B864 /* Pods-Go Parks.debug.xcconfig */;
			buildSettings = {
				ASSETCATALOG_COMPILER_APPICON_NAME = AppIcon;
				CODE_SIGN_STYLE = Automatic;
				DEVELOPMENT_TEAM = 6QEFHSRMQX;
				INFOPLIST_FILE = "Go Parks/Info.plist";
				IPHONEOS_DEPLOYMENT_TARGET = 11.0;
				LD_RUNPATH_SEARCH_PATHS = (
					"$(inherited)",
					"@executable_path/Frameworks",
				);
				PRODUCT_BUNDLE_IDENTIFIER = "in.timsop.Go-Parks";
				PRODUCT_NAME = "$(TARGET_NAME)";
				SWIFT_VERSION = 4.0;
				TARGETED_DEVICE_FAMILY = "1,2";
			};
			name = Debug;
		};
		741A48D72097E0DC00B4688F /* Release */ = {
			isa = XCBuildConfiguration;
			baseConfigurationReference = 6EF61FC8A78D20142D540FEE /* Pods-Go Parks.release.xcconfig */;
			buildSettings = {
				ASSETCATALOG_COMPILER_APPICON_NAME = AppIcon;
				CODE_SIGN_STYLE = Automatic;
				DEVELOPMENT_TEAM = 6QEFHSRMQX;
				INFOPLIST_FILE = "Go Parks/Info.plist";
				IPHONEOS_DEPLOYMENT_TARGET = 11.0;
				LD_RUNPATH_SEARCH_PATHS = (
					"$(inherited)",
					"@executable_path/Frameworks",
				);
				PRODUCT_BUNDLE_IDENTIFIER = "in.timsop.Go-Parks";
				PRODUCT_NAME = "$(TARGET_NAME)";
				SWIFT_VERSION = 4.0;
				TARGETED_DEVICE_FAMILY = "1,2";
			};
			name = Release;
		};
/* End XCBuildConfiguration section */

/* Begin XCConfigurationList section */
		741A48BE2097E0DB00B4688F /* Build configuration list for PBXProject "Go Parks" */ = {
			isa = XCConfigurationList;
			buildConfigurations = (
				741A48D32097E0DC00B4688F /* Debug */,
				741A48D42097E0DC00B4688F /* Release */,
			);
			defaultConfigurationIsVisible = 0;
			defaultConfigurationName = Release;
		};
		741A48D52097E0DC00B4688F /* Build configuration list for PBXNativeTarget "Go Parks" */ = {
			isa = XCConfigurationList;
			buildConfigurations = (
				741A48D62097E0DC00B4688F /* Debug */,
				741A48D72097E0DC00B4688F /* Release */,
			);
			defaultConfigurationIsVisible = 0;
			defaultConfigurationName = Release;
		};
/* End XCConfigurationList section */
	};
	rootObject = 741A48BB2097E0DB00B4688F /* Project object */;
}
